
Microsoft Visual Studio Solution File, Format Version 12.00
Project("{FAE04EC0-301F-11D3-BF4B-00C04F79EFBC}") = "gRPC_Winform_Client", "gRPC_Winform_Client\gRPC_Winform_Client.csproj", "{DC18741D-DDC5-4281-A336-4F20D4A96445}"
EndProject
Global
	GlobalSection(SolutionConfigurationPlatforms) = preSolution
		Debug|Any CPU = Debug|Any CPU
		Release|Any CPU = Release|Any CPU
	EndGlobalSection
	GlobalSection(ProjectConfigurationPlatforms) = postSolution
		{DC18741D-DDC5-4281-A336-4F20D4A96445}.Debug|Any CPU.ActiveCfg = Debug|Any CPU
		{DC18741D-DDC5-4281-A336-4F20D4A96445}.Debug|Any CPU.Build.0 = Debug|Any CPU
		{DC18741D-DDC5-4281-A336-4F20D4A96445}.Release|Any CPU.ActiveCfg = Release|Any CPU
		{DC18741D-DDC5-4281-A336-4F20D4A96445}.Release|Any CPU.Build.0 = Release|Any CPU
	EndGlobalSection
EndGlobal
